
Microsoft Visual Studio Solution File, Format Version 12.00
# Visual Studio Version 17
VisualStudioVersion = 17.8.34004.107
MinimumVisualStudioVersion = 10.0.40219.1
Project("{54A90642-561A-4BB1-A94E-469ADEE60C69}") = "workers.client", "workers.client\workers.client.esproj", "{DFDCC657-42D3-4697-81DB-E4387F1E2E15}"
EndProject
Project("{9A19103F-16F7-4668-BE54-9A1E7A4F7556}") = "Workers.Server", "Workers.Server\Workers.Server.csproj", "{A81D11D6-4B27-478A-9E14-73E3F04C49AF}"
EndProject
Global
	GlobalSection(SolutionConfigurationPlatforms) = preSolution
		Debug|Any CPU = Debug|Any CPU
		Release|Any CPU = Release|Any CPU
	EndGlobalSection
	GlobalSection(ProjectConfigurationPlatforms) = postSolution
		{DFDCC657-42D3-4697-81DB-E4387F1E2E15}.Debug|Any CPU.ActiveCfg = Debug|Any CPU
		{DFDCC657-42D3-4697-81DB-E4387F1E2E15}.Debug|Any CPU.Build.0 = Debug|Any CPU
		{DFDCC657-42D3-4697-81DB-E4387F1E2E15}.Debug|Any CPU.Deploy.0 = Debug|Any CPU
		{DFDCC657-42D3-4697-81DB-E4387F1E2E15}.Release|Any CPU.ActiveCfg = Release|Any CPU
		{DFDCC657-42D3-4697-81DB-E4387F1E2E15}.Release|Any CPU.Build.0 = Release|Any CPU
		{DFDCC657-42D3-4697-81DB-E4387F1E2E15}.Release|Any CPU.Deploy.0 = Release|Any CPU
		{A81D11D6-4B27-478A-9E14-73E3F04C49AF}.Debug|Any CPU.ActiveCfg = Debug|Any CPU
		{A81D11D6-4B27-478A-9E14-73E3F04C49AF}.Debug|Any CPU.Build.0 = Debug|Any CPU
		{A81D11D6-4B27-478A-9E14-73E3F04C49AF}.Release|Any CPU.ActiveCfg = Release|Any CPU
		{A81D11D6-4B27-478A-9E14-73E3F04C49AF}.Release|Any CPU.Build.0 = Release|Any CPU
	EndGlobalSection
	GlobalSection(SolutionProperties) = preSolution
		HideSolutionNode = FALSE
	EndGlobalSection
	GlobalSection(ExtensibilityGlobals) = postSolution
		SolutionGuid = {05CB95A6-E205-454A-8BD7-77EB455728E6}
	EndGlobalSection
EndGlobal
